
Microsoft Visual Studio Solution File, Format Version 12.00
# Visual Studio Version 16
VisualStudioVersion = 16.0.28729.10
MinimumVisualStudioVersion = 10.0.40219.1
Project("{FAE04EC0-301F-11D3-BF4B-00C04F79EFBC}") = "ConsoleApp1", "ConsoleApp1\ConsoleApp1.csproj", "{97CD2391-2E0A-469E-8B18-BC9B8EBA0B6D}"
EndProject
Global
	GlobalSection(SolutionConfigurationPlatforms) = preSolution
		Debug|Any CPU = Debug|Any CPU
		Release|Any CPU = Release|Any CPU
	EndGlobalSection
	GlobalSection(ProjectConfigurationPlatforms) = postSolution
		{97CD2391-2E0A-469E-8B18-BC9B8EBA0B6D}.Debug|Any CPU.ActiveCfg = Debug|Any CPU
		{97CD2391-2E0A-469E-8B18-BC9B8EBA0B6D}.Debug|Any CPU.Build.0 = Debug|Any CPU
		{97CD2391-2E0A-469E-8B18-BC9B8EBA0B6D}.Release|Any CPU.ActiveCfg = Release|Any CPU
		{97CD2391-2E0A-469E-8B18-BC9B8EBA0B6D}.Release|Any CPU.Build.0 = Release|Any CPU
	EndGlobalSection
	GlobalSection(SolutionProperties) = preSolution
		HideSolutionNode = FALSE
	EndGlobalSection
	GlobalSection(ExtensibilityGlobals) = postSolution
		SolutionGuid = {63034C27-ADC8-4CC8-8688-C23BE27EBA5B}
	EndGlobalSection
EndGlobal
